
Microsoft Visual Studio Solution File, Format Version 12.00
# Visual Studio Version 16
VisualStudioVersion = 16.0.31702.278
MinimumVisualStudioVersion = 10.0.40219.1
Project("{9A19103F-16F7-4668-BE54-9A1E7A4F7556}") = "JsonSharp", "JsonSharp\JsonSharp.csproj", "{AC1F51DF-26CC-4A89-89D3-FE26D4D877AE}"
EndProject
Project("{9A19103F-16F7-4668-BE54-9A1E7A4F7556}") = "OxalateCorePlugin", "OxalateCorePlugin\OxalateCorePlugin.csproj", "{92CE7229-6438-454B-A316-EEE53F4C4CEE}"
EndProject
Project("{9A19103F-16F7-4668-BE54-9A1E7A4F7556}") = "OxalateServer", "OxalateServer\OxalateServer.csproj", "{5BEE9AF2-813A-4E64-B32C-3BE34B7E8D20}"
EndProject
Project("{9A19103F-16F7-4668-BE54-9A1E7A4F7556}") = "OxalateStandard", "OxalateStandard\OxalateStandard.csproj", "{483AB513-3A07-4845-965E-D2679DEB1512}"
EndProject
Project("{9A19103F-16F7-4668-BE54-9A1E7A4F7556}") = "OxalateClientTCP", "OxalateClient\OxalateClientTCP.csproj", "{7627A720-8582-4A62-9FA7-30368E073711}"
EndProject
Project("{9A19103F-16F7-4668-BE54-9A1E7A4F7556}") = "OxalateClientTCP-GUI", "OxalateClient-GUI\OxalateClientTCP-GUI.csproj", "{85B96B58-F949-4EBA-A9B5-AF989999C7C1}"
EndProject
Global
	GlobalSection(SolutionConfigurationPlatforms) = preSolution
		Debug|Any CPU = Debug|Any CPU
		Release|Any CPU = Release|Any CPU
	EndGlobalSection
	GlobalSection(ProjectConfigurationPlatforms) = postSolution
		{AC1F51DF-26CC-4A89-89D3-FE26D4D877AE}.Debug|Any CPU.ActiveCfg = Debug|Any CPU
		{AC1F51DF-26CC-4A89-89D3-FE26D4D877AE}.Debug|Any CPU.Build.0 = Debug|Any CPU
		{AC1F51DF-26CC-4A89-89D3-FE26D4D877AE}.Release|Any CPU.ActiveCfg = Release|Any CPU
		{AC1F51DF-26CC-4A89-89D3-FE26D4D877AE}.Release|Any CPU.Build.0 = Release|Any CPU
		{92CE7229-6438-454B-A316-EEE53F4C4CEE}.Debug|Any CPU.ActiveCfg = Debug|Any CPU
		{92CE7229-6438-454B-A316-EEE53F4C4CEE}.Debug|Any CPU.Build.0 = Debug|Any CPU
		{92CE7229-6438-454B-A316-EEE53F4C4CEE}.Release|Any CPU.ActiveCfg = Release|Any CPU
		{92CE7229-6438-454B-A316-EEE53F4C4CEE}.Release|Any CPU.Build.0 = Release|Any CPU
		{5BEE9AF2-813A-4E64-B32C-3BE34B7E8D20}.Debug|Any CPU.ActiveCfg = Debug|Any CPU
		{5BEE9AF2-813A-4E64-B32C-3BE34B7E8D20}.Debug|Any CPU.Build.0 = Debug|Any CPU
		{5BEE9AF2-813A-4E64-B32C-3BE34B7E8D20}.Release|Any CPU.ActiveCfg = Release|Any CPU
		{5BEE9AF2-813A-4E64-B32C-3BE34B7E8D20}.Release|Any CPU.Build.0 = Release|Any CPU
		{483AB513-3A07-4845-965E-D2679DEB1512}.Debug|Any CPU.ActiveCfg = Debug|Any CPU
		{483AB513-3A07-4845-965E-D2679DEB1512}.Debug|Any CPU.Build.0 = Debug|Any CPU
		{483AB513-3A07-4845-965E-D2679DEB1512}.Release|Any CPU.ActiveCfg = Release|Any CPU
		{483AB513-3A07-4845-965E-D2679DEB1512}.Release|Any CPU.Build.0 = Release|Any CPU
		{7627A720-8582-4A62-9FA7-30368E073711}.Debug|Any CPU.ActiveCfg = Debug|Any CPU
		{7627A720-8582-4A62-9FA7-30368E073711}.Debug|Any CPU.Build.0 = Debug|Any CPU
		{7627A720-8582-4A62-9FA7-30368E073711}.Release|Any CPU.ActiveCfg = Release|Any CPU
		{7627A720-8582-4A62-9FA7-30368E073711}.Release|Any CPU.Build.0 = Release|Any CPU
		{85B96B58-F949-4EBA-A9B5-AF989999C7C1}.Debug|Any CPU.ActiveCfg = Debug|Any CPU
		{85B96B58-F949-4EBA-A9B5-AF989999C7C1}.Debug|Any CPU.Build.0 = Debug|Any CPU
		{85B96B58-F949-4EBA-A9B5-AF989999C7C1}.Release|Any CPU.ActiveCfg = Release|Any CPU
		{85B96B58-F949-4EBA-A9B5-AF989999C7C1}.Release|Any CPU.Build.0 = Release|Any CPU
	EndGlobalSection
	GlobalSection(SolutionProperties) = preSolution
		HideSolutionNode = FALSE
	EndGlobalSection
	GlobalSection(ExtensibilityGlobals) = postSolution
		SolutionGuid = {AC2E8931-F738-44C2-9C23-222F53E7BB98}
	EndGlobalSection
EndGlobal
